# Code generated by scarb DO NOT EDIT.
version = 1

[[package]]
name = "introspect"
version = "0.1.0"
dependencies = [
 "introspect_events",
 "introspect_types",
 "wrapper",
]

[[package]]
name = "introspect_events"
version = "0.1.0"
dependencies = [
 "introspect_types",
]

[[package]]
name = "introspect_types"
version = "0.1.0"
dependencies = [
 "wrapper",
]

[[package]]
name = "wrapper"
version = "0.1.0"
