# Code generated by scarb DO NOT EDIT.
version = 1

[[package]]
name = "cgg_collection"
version = "0.1.1"
source = "git+https://github.com/cartridge-gg/cairo_core_utils?tag=v0.1.1#d0ba3bc86f5834e0dd9088de23141371b0220f20"
dependencies = [
 "cgg_snappable",
]

[[package]]
name = "cgg_poseidon"
version = "0.1.1"
source = "git+https://github.com/cartridge-gg/cairo_core_utils?tag=v0.1.1#d0ba3bc86f5834e0dd9088de23141371b0220f20"
dependencies = [
 "cgg_collection",
]

[[package]]
name = "cgg_snappable"
version = "0.1.1"
source = "git+https://github.com/cartridge-gg/cairo_core_utils?tag=v0.1.1#d0ba3bc86f5834e0dd9088de23141371b0220f20"

[[package]]
name = "cgg_test_utils"
version = "0.1.1"
source = "git+https://github.com/cartridge-gg/cairo_core_utils?tag=v0.1.1#d0ba3bc86f5834e0dd9088de23141371b0220f20"
dependencies = [
 "cgg_collection",
 "snforge_std",
]

[[package]]
name = "cgg_utils"
version = "0.1.1"
source = "git+https://github.com/cartridge-gg/cairo_core_utils?tag=v0.1.1#d0ba3bc86f5834e0dd9088de23141371b0220f20"
dependencies = [
 "cgg_collection",
 "cgg_poseidon",
 "cgg_snappable",
 "cgg_test_utils",
]

[[package]]
name = "introspect"
version = "0.1.2"
dependencies = [
 "cgg_utils",
 "introspect_events",
 "introspect_macros",
 "introspect_test_utils",
 "introspect_types",
 "snforge_std",
]

[[package]]
name = "introspect_events"
version = "0.1.2"
dependencies = [
 "cgg_utils",
 "introspect_test_utils",
 "introspect_types",
 "snforge_std",
]

[[package]]
name = "introspect_macros"
version = "0.1.0"

[[package]]
name = "introspect_macros_tests"
version = "0.1.2"
dependencies = [
 "cgg_utils",
 "introspect",
 "introspect_macros",
 "snforge_std",
]

[[package]]
name = "introspect_test_utils"
version = "0.1.2"
dependencies = [
 "cgg_utils",
 "introspect_events",
 "introspect_types",
 "snforge_std",
]

[[package]]
name = "introspect_types"
version = "0.1.2"
dependencies = [
 "cgg_utils",
 "introspect_test_utils",
 "snforge_std",
]

[[package]]
name = "snforge_scarb_plugin"
version = "0.56.0"
source = "registry+https://scarbs.xyz/"
checksum = "sha256:d5f2d878f7ae36c8149c517e2d618a95d7833598a76083cb12ea3f00da06a618"

[[package]]
name = "snforge_std"
version = "0.56.0"
source = "registry+https://scarbs.xyz/"
checksum = "sha256:87dfe06ffd5cf1d5a075b7a5c8dff442b66d0eeaf27921140cf446213eb29a68"
dependencies = [
 "snforge_scarb_plugin",
]
