# Code generated by scarb DO NOT EDIT.
version = 1

[[package]]
name = "cgg_collection"
version = "0.1.2"
dependencies = [
 "cgg_snappable",
]

[[package]]
name = "cgg_poseidon"
version = "0.1.2"
dependencies = [
 "cgg_collection",
]

[[package]]
name = "cgg_snappable"
version = "0.1.2"

[[package]]
name = "cgg_test_utils"
version = "0.1.2"
dependencies = [
 "cgg_collection",
 "snforge_std",
]

[[package]]
name = "cgg_utils"
version = "0.1.2"
dependencies = [
 "cgg_collection",
 "cgg_poseidon",
 "cgg_snappable",
 "cgg_test_utils",
]

[[package]]
name = "introspect"
version = "0.1.2"
dependencies = [
 "introspect_events",
 "introspect_macros",
 "introspect_types",
 "snforge_std",
]

[[package]]
name = "introspect_events"
version = "0.1.2"
dependencies = [
 "introspect_types",
 "snforge_std",
]

[[package]]
name = "introspect_macros"
version = "0.1.0"

[[package]]
name = "introspect_test_utils"
version = "0.1.2"
dependencies = [
 "cgg_utils",
 "introspect_types",
 "snforge_std",
]

[[package]]
name = "introspect_types"
version = "0.1.2"
dependencies = [
 "cgg_utils",
 "introspect_test_utils",
 "snforge_std",
]

[[package]]
name = "snforge_scarb_plugin"
version = "0.54.0"
source = "registry+https://scarbs.xyz/"
checksum = "sha256:78b76cec49430930468c35b91105be521b2e571b88a3407f91f0c00b3f9d3b44"

[[package]]
name = "snforge_std"
version = "0.54.0"
source = "registry+https://scarbs.xyz/"
checksum = "sha256:5eae9444e31efdb72431bda696c2cf4ea98ee1475796ba8a3eb50c7279838d7f"
dependencies = [
 "snforge_scarb_plugin",
]
